
Microsoft Visual Studio Solution File, Format Version 12.00
Project("{FAE04EC0-301F-11D3-BF4B-00C04F79EFBC}") = "Broker", "Broker\Broker.csproj", "{2636B26A-7A27-4E19-B66E-317CDF2D7D7B}"
EndProject
Project("{FAE04EC0-301F-11D3-BF4B-00C04F79EFBC}") = "Publisher", "Publisher\Publisher.csproj", "{652B455A-6BB5-4DB6-B8ED-38961AF2FF14}"
EndProject
Project("{FAE04EC0-301F-11D3-BF4B-00C04F79EFBC}") = "Subscriber", "Subscriber\Subscriber.csproj", "{265A96A2-4B5F-4F24-984B-F16BE86D5DDE}"
EndProject
Global
	GlobalSection(SolutionConfigurationPlatforms) = preSolution
		Debug|Any CPU = Debug|Any CPU
		Release|Any CPU = Release|Any CPU
	EndGlobalSection
	GlobalSection(ProjectConfigurationPlatforms) = postSolution
		{2636B26A-7A27-4E19-B66E-317CDF2D7D7B}.Debug|Any CPU.ActiveCfg = Debug|Any CPU
		{2636B26A-7A27-4E19-B66E-317CDF2D7D7B}.Debug|Any CPU.Build.0 = Debug|Any CPU
		{2636B26A-7A27-4E19-B66E-317CDF2D7D7B}.Release|Any CPU.ActiveCfg = Release|Any CPU
		{2636B26A-7A27-4E19-B66E-317CDF2D7D7B}.Release|Any CPU.Build.0 = Release|Any CPU
		{652B455A-6BB5-4DB6-B8ED-38961AF2FF14}.Debug|Any CPU.ActiveCfg = Debug|Any CPU
		{652B455A-6BB5-4DB6-B8ED-38961AF2FF14}.Debug|Any CPU.Build.0 = Debug|Any CPU
		{652B455A-6BB5-4DB6-B8ED-38961AF2FF14}.Release|Any CPU.ActiveCfg = Release|Any CPU
		{652B455A-6BB5-4DB6-B8ED-38961AF2FF14}.Release|Any CPU.Build.0 = Release|Any CPU
		{265A96A2-4B5F-4F24-984B-F16BE86D5DDE}.Debug|Any CPU.ActiveCfg = Debug|Any CPU
		{265A96A2-4B5F-4F24-984B-F16BE86D5DDE}.Debug|Any CPU.Build.0 = Debug|Any CPU
		{265A96A2-4B5F-4F24-984B-F16BE86D5DDE}.Release|Any CPU.ActiveCfg = Release|Any CPU
		{265A96A2-4B5F-4F24-984B-F16BE86D5DDE}.Release|Any CPU.Build.0 = Release|Any CPU
	EndGlobalSection
EndGlobal
